
Microsoft Visual Studio Solution File, Format Version 12.00
# Visual Studio Version 16
VisualStudioVersion = 16.0.29806.167
MinimumVisualStudioVersion = 10.0.40219.1
Project("{8BC9CEB8-8B4A-11D0-8D11-00A0C91BC942}") = "Test_05_11_Tree", "Test_05_11_Tree\Test_05_11_Tree.vcxproj", "{F5C7DCF4-43CE-42EF-B35B-E13353B337C8}"
EndProject
Global
	GlobalSection(SolutionConfigurationPlatforms) = preSolution
		Debug|x64 = Debug|x64
		Debug|x86 = Debug|x86
		Release|x64 = Release|x64
		Release|x86 = Release|x86
	EndGlobalSection
	GlobalSection(ProjectConfigurationPlatforms) = postSolution
		{F5C7DCF4-43CE-42EF-B35B-E13353B337C8}.Debug|x64.ActiveCfg = Debug|x64
		{F5C7DCF4-43CE-42EF-B35B-E13353B337C8}.Debug|x64.Build.0 = Debug|x64
		{F5C7DCF4-43CE-42EF-B35B-E13353B337C8}.Debug|x86.ActiveCfg = Debug|Win32
		{F5C7DCF4-43CE-42EF-B35B-E13353B337C8}.Debug|x86.Build.0 = Debug|Win32
		{F5C7DCF4-43CE-42EF-B35B-E13353B337C8}.Release|x64.ActiveCfg = Release|x64
		{F5C7DCF4-43CE-42EF-B35B-E13353B337C8}.Release|x64.Build.0 = Release|x64
		{F5C7DCF4-43CE-42EF-B35B-E13353B337C8}.Release|x86.ActiveCfg = Release|Win32
		{F5C7DCF4-43CE-42EF-B35B-E13353B337C8}.Release|x86.Build.0 = Release|Win32
	EndGlobalSection
	GlobalSection(SolutionProperties) = preSolution
		HideSolutionNode = FALSE
	EndGlobalSection
	GlobalSection(ExtensibilityGlobals) = postSolution
		SolutionGuid = {8B7EB4B9-4E60-48BF-9250-EB363416D5C2}
	EndGlobalSection
EndGlobal
