
Microsoft Visual Studio Solution File, Format Version 12.00
# Visual Studio Version 16
VisualStudioVersion = 16.0.29806.167
MinimumVisualStudioVersion = 10.0.40219.1
Project("{8BC9CEB8-8B4A-11D0-8D11-00A0C91BC942}") = "Test_05_10_Queue", "Test_05_10_Queue\Test_05_10_Queue.vcxproj", "{936C0185-0B05-4674-B1C4-EA596A0840CE}"
EndProject
Global
	GlobalSection(SolutionConfigurationPlatforms) = preSolution
		Debug|x64 = Debug|x64
		Debug|x86 = Debug|x86
		Release|x64 = Release|x64
		Release|x86 = Release|x86
	EndGlobalSection
	GlobalSection(ProjectConfigurationPlatforms) = postSolution
		{936C0185-0B05-4674-B1C4-EA596A0840CE}.Debug|x64.ActiveCfg = Debug|x64
		{936C0185-0B05-4674-B1C4-EA596A0840CE}.Debug|x64.Build.0 = Debug|x64
		{936C0185-0B05-4674-B1C4-EA596A0840CE}.Debug|x86.ActiveCfg = Debug|Win32
		{936C0185-0B05-4674-B1C4-EA596A0840CE}.Debug|x86.Build.0 = Debug|Win32
		{936C0185-0B05-4674-B1C4-EA596A0840CE}.Release|x64.ActiveCfg = Release|x64
		{936C0185-0B05-4674-B1C4-EA596A0840CE}.Release|x64.Build.0 = Release|x64
		{936C0185-0B05-4674-B1C4-EA596A0840CE}.Release|x86.ActiveCfg = Release|Win32
		{936C0185-0B05-4674-B1C4-EA596A0840CE}.Release|x86.Build.0 = Release|Win32
	EndGlobalSection
	GlobalSection(SolutionProperties) = preSolution
		HideSolutionNode = FALSE
	EndGlobalSection
	GlobalSection(ExtensibilityGlobals) = postSolution
		SolutionGuid = {93AD9B75-0034-4B1E-B2E6-BEAF3F9EBF1E}
	EndGlobalSection
EndGlobal
