
Microsoft Visual Studio Solution File, Format Version 12.00
# Visual Studio Version 16
VisualStudioVersion = 16.0.29806.167
MinimumVisualStudioVersion = 10.0.40219.1
Project("{8BC9CEB8-8B4A-11D0-8D11-00A0C91BC942}") = "Test_05_14_List_Work", "Test_05_14_List_Work\Test_05_14_List_Work.vcxproj", "{267DAF6D-551B-4BCD-92AC-9EA4CAC2759E}"
EndProject
Global
	GlobalSection(SolutionConfigurationPlatforms) = preSolution
		Debug|x64 = Debug|x64
		Debug|x86 = Debug|x86
		Release|x64 = Release|x64
		Release|x86 = Release|x86
	EndGlobalSection
	GlobalSection(ProjectConfigurationPlatforms) = postSolution
		{267DAF6D-551B-4BCD-92AC-9EA4CAC2759E}.Debug|x64.ActiveCfg = Debug|x64
		{267DAF6D-551B-4BCD-92AC-9EA4CAC2759E}.Debug|x64.Build.0 = Debug|x64
		{267DAF6D-551B-4BCD-92AC-9EA4CAC2759E}.Debug|x86.ActiveCfg = Debug|Win32
		{267DAF6D-551B-4BCD-92AC-9EA4CAC2759E}.Debug|x86.Build.0 = Debug|Win32
		{267DAF6D-551B-4BCD-92AC-9EA4CAC2759E}.Release|x64.ActiveCfg = Release|x64
		{267DAF6D-551B-4BCD-92AC-9EA4CAC2759E}.Release|x64.Build.0 = Release|x64
		{267DAF6D-551B-4BCD-92AC-9EA4CAC2759E}.Release|x86.ActiveCfg = Release|Win32
		{267DAF6D-551B-4BCD-92AC-9EA4CAC2759E}.Release|x86.Build.0 = Release|Win32
	EndGlobalSection
	GlobalSection(SolutionProperties) = preSolution
		HideSolutionNode = FALSE
	EndGlobalSection
	GlobalSection(ExtensibilityGlobals) = postSolution
		SolutionGuid = {2C1D0EEF-9B1C-4CB1-B3B7-144D4ACF4251}
	EndGlobalSection
EndGlobal
